// !$*UTF8*$!
{
	archiveVersion = 1;
	classes = {
	};
	objectVersion = 56;
	objects = {

/* Begin PBXBuildFile section */
		DC5F6A072AA8A47D00D53B4D /* AppDelegate.swift in Sources */ = {isa = PBXBuildFile; fileRef = DC5F6A062AA8A47D00D53B4D /* AppDelegate.swift */; };
		DC5F6A092AA8A47D00D53B4D /* SceneDelegate.swift in Sources */ = {isa = PBXBuildFile; fileRef = DC5F6A082AA8A47D00D53B4D /* SceneDelegate.swift */; };
		DC5F6A0B2AA8A47D00D53B4D /* ViewController.swift in Sources */ = {isa = PBXBuildFile; fileRef = DC5F6A0A2AA8A47D00D53B4D /* ViewController.swift */; };
		DC5F6A0E2AA8A47D00D53B4D /* Main.storyboard in Resources */ = {isa = PBXBuildFile; fileRef = DC5F6A0C2AA8A47D00D53B4D /* Main.storyboard */; };
		DC5F6A102AA8A47F00D53B4D /* Assets.xcassets in Resources */ = {isa = PBXBuildFile; fileRef = DC5F6A0F2AA8A47F00D53B4D /* Assets.xcassets */; };
		DC5F6A132AA8A47F00D53B4D /* LaunchScreen.storyboard in Resources */ = {isa = PBXBuildFile; fileRef = DC5F6A112AA8A47F00D53B4D /* LaunchScreen.storyboard */; };
		DCA6DF562AA8BB620004560F /* MinhaCelulaTableViewCell.swift in Sources */ = {isa = PBXBuildFile; fileRef = DCA6DF552AA8BB620004560F /* MinhaCelulaTableViewCell.swift */; };
/* End PBXBuildFile section */

/* Begin PBXFileReference section */
		DC5F6A032AA8A47D00D53B4D /* 3D_LetíciaFrança_21.app */ = {isa = PBXFileReference; explicitFileType = wrapper.application; includeInIndex = 0; path = "3D_LetíciaFrança_21.app"; sourceTree = BUILT_PRODUCTS_DIR; };
		DC5F6A062AA8A47D00D53B4D /* AppDelegate.swift */ = {isa = PBXFileReference; lastKnownFileType = sourcecode.swift; path = AppDelegate.swift; sourceTree = "<group>"; };
		DC5F6A082AA8A47D00D53B4D /* SceneDelegate.swift */ = {isa = PBXFileReference; lastKnownFileType = sourcecode.swift; path = SceneDelegate.swift; sourceTree = "<group>"; };
		DC5F6A0A2AA8A47D00D53B4D /* ViewController.swift */ = {isa = PBXFileReference; lastKnownFileType = sourcecode.swift; path = ViewController.swift; sourceTree = "<group>"; };
		DC5F6A0D2AA8A47D00D53B4D /* Base */ = {isa = PBXFileReference; lastKnownFileType = file.storyboard; name = Base; path = Base.lproj/Main.storyboard; sourceTree = "<group>"; };
		DC5F6A0F2AA8A47F00D53B4D /* Assets.xcassets */ = {isa = PBXFileReference; lastKnownFileType = folder.assetcatalog; path = Assets.xcassets; sourceTree = "<group>"; };
		DC5F6A122AA8A47F00D53B4D /* Base */ = {isa = PBXFileReference; lastKnownFileType = file.storyboard; name = Base; path = Base.lproj/LaunchScreen.storyboard; sourceTree = "<group>"; };
		DC5F6A142AA8A47F00D53B4D /* Info.plist */ = {isa = PBXFileReference; lastKnownFileType = text.plist.xml; path = Info.plist; sourceTree = "<group>"; };
		DCA6DF552AA8BB620004560F /* MinhaCelulaTableViewCell.swift */ = {isa = PBXFileReference; lastKnownFileType = sourcecode.swift; path = MinhaCelulaTableViewCell.swift; sourceTree = "<group>"; };
/* End PBXFileReference section */

/* Begin PBXFrameworksBuildPhase section */
		DC5F6A002AA8A47D00D53B4D /* Frameworks */ = {
			isa = PBXFrameworksBuildPhase;
			buildActionMask = 2147483647;
			files = (
			);
			runOnlyForDeploymentPostprocessing = 0;
		};
/* End PBXFrameworksBuildPhase section */

/* Begin PBXGroup section */
		DC5F69FA2AA8A47D00D53B4D = {
			isa = PBXGroup;
			children = (
				DC5F6A052AA8A47D00D53B4D /* 3D_LetíciaFrança_21 */,
				DC5F6A042AA8A47D00D53B4D /* Products */,
			);
			sourceTree = "<group>";
		};
		DC5F6A042AA8A47D00D53B4D /* Products */ = {
			isa = PBXGroup;
			children = (
				DC5F6A032AA8A47D00D53B4D /* 3D_LetíciaFrança_21.app */,
			);
			name = Products;
			sourceTree = "<group>";
		};
		DC5F6A052AA8A47D00D53B4D /* 3D_LetíciaFrança_21 */ = {
			isa = PBXGroup;
			children = (
				DCA6DF542AA8BB320004560F /* Components */,
				DC5F6A062AA8A47D00D53B4D /* AppDelegate.swift */,
				DC5F6A082AA8A47D00D53B4D /* SceneDelegate.swift */,
				DC5F6A0A2AA8A47D00D53B4D /* ViewController.swift */,
				DC5F6A0C2AA8A47D00D53B4D /* Main.storyboard */,
				DC5F6A0F2AA8A47F00D53B4D /* Assets.xcassets */,
				DC5F6A112AA8A47F00D53B4D /* LaunchScreen.storyboard */,
				DC5F6A142AA8A47F00D53B4D /* Info.plist */,
			);
			path = "3D_LetíciaFrança_21";
			sourceTree = "<group>";
		};
		DCA6DF542AA8BB320004560F /* Components */ = {
			isa = PBXGroup;
			children = (
				DCA6DF552AA8BB620004560F /* MinhaCelulaTableViewCell.swift */,
			);
			path = Components;
			sourceTree = "<group>";
		};
/* End PBXGroup section */

/* Begin PBXNativeTarget section */
		DC5F6A022AA8A47D00D53B4D /* 3D_LetíciaFrança_21 */ = {
			isa = PBXNativeTarget;
			buildConfigurationList = DC5F6A172AA8A47F00D53B4D /* Build configuration list for PBXNativeTarget "3D_LetíciaFrança_21" */;
			buildPhases = (
				DC5F69FF2AA8A47D00D53B4D /* Sources */,
				DC5F6A002AA8A47D00D53B4D /* Frameworks */,
				DC5F6A012AA8A47D00D53B4D /* Resources */,
			);
			buildRules = (
			);
			dependencies = (
			);
			name = "3D_LetíciaFrança_21";
			productName = "3D_LetíciaFrança_21";
			productReference = DC5F6A032AA8A47D00D53B4D /* 3D_LetíciaFrança_21.app */;
			productType = "com.apple.product-type.application";
		};
/* End PBXNativeTarget section */

/* Begin PBXProject section */
		DC5F69FB2AA8A47D00D53B4D /* Project object */ = {
			isa = PBXProject;
			attributes = {
				BuildIndependentTargetsInParallel = 1;
				LastSwiftUpdateCheck = 1420;
				LastUpgradeCheck = 1420;
				TargetAttributes = {
					DC5F6A022AA8A47D00D53B4D = {
						CreatedOnToolsVersion = 14.2;
					};
				};
			};
			buildConfigurationList = DC5F69FE2AA8A47D00D53B4D /* Build configuration list for PBXProject "3D_LetíciaFrança_21" */;
			compatibilityVersion = "Xcode 14.0";
			developmentRegion = en;
			hasScannedForEncodings = 0;
			knownRegions = (
				en,
				Base,
			);
			mainGroup = DC5F69FA2AA8A47D00D53B4D;
			productRefGroup = DC5F6A042AA8A47D00D53B4D /* Products */;
			projectDirPath = "";
			projectRoot = "";
			targets = (
				DC5F6A022AA8A47D00D53B4D /* 3D_LetíciaFrança_21 */,
			);
		};
/* End PBXProject section */

/* Begin PBXResourcesBuildPhase section */
		DC5F6A012AA8A47D00D53B4D /* Resources */ = {
			isa = PBXResourcesBuildPhase;
			buildActionMask = 2147483647;
			files = (
				DC5F6A132AA8A47F00D53B4D /* LaunchScreen.storyboard in Resources */,
				DC5F6A102AA8A47F00D53B4D /* Assets.xcassets in Resources */,
				DC5F6A0E2AA8A47D00D53B4D /* Main.storyboard in Resources */,
			);
			runOnlyForDeploymentPostprocessing = 0;
		};
/* End PBXResourcesBuildPhase section */

/* Begin PBXSourcesBuildPhase section */
		DC5F69FF2AA8A47D00D53B4D /* Sources */ = {
			isa = PBXSourcesBuildPhase;
			buildActionMask = 2147483647;
			files = (
				DC5F6A0B2AA8A47D00D53B4D /* ViewController.swift in Sources */,
				DC5F6A072AA8A47D00D53B4D /* AppDelegate.swift in Sources */,
				DC5F6A092AA8A47D00D53B4D /* SceneDelegate.swift in Sources */,
				DCA6DF562AA8BB620004560F /* MinhaCelulaTableViewCell.swift in Sources */,
			);
			runOnlyForDeploymentPostprocessing = 0;
		};
/* End PBXSourcesBuildPhase section */

/* Begin PBXVariantGroup section */
		DC5F6A0C2AA8A47D00D53B4D /* Main.storyboard */ = {
			isa = PBXVariantGroup;
			children = (
				DC5F6A0D2AA8A47D00D53B4D /* Base */,
			);
			name = Main.storyboard;
			sourceTree = "<group>";
		};
		DC5F6A112AA8A47F00D53B4D /* LaunchScreen.storyboard */ = {
			isa = PBXVariantGroup;
			children = (
				DC5F6A122AA8A47F00D53B4D /* Base */,
			);
			name = LaunchScreen.storyboard;
			sourceTree = "<group>";
		};
/* End PBXVariantGroup section */

/* Begin XCBuildConfiguration section */
		DC5F6A152AA8A47F00D53B4D /* Debug */ = {
			isa = XCBuildConfiguration;
			buildSettings = {
				ALWAYS_SEARCH_USER_PATHS = NO;
				CLANG_ANALYZER_NONNULL = YES;
				CLANG_ANALYZER_NUMBER_OBJECT_CONVERSION = YES_AGGRESSIVE;
				CLANG_CXX_LANGUAGE_STANDARD = "gnu++20";
				CLANG_ENABLE_MODULES = YES;
				CLANG_ENABLE_OBJC_ARC = YES;
				CLANG_ENABLE_OBJC_WEAK = YES;
				CLANG_WARN_BLOCK_CAPTURE_AUTORELEASING = YES;
				CLANG_WARN_BOOL_CONVERSION = YES;
				CLANG_WARN_COMMA = YES;
				CLANG_WARN_CONSTANT_CONVERSION = YES;
				CLANG_WARN_DEPRECATED_OBJC_IMPLEMENTATIONS = YES;
				CLANG_WARN_DIRECT_OBJC_ISA_USAGE = YES_ERROR;
				CLANG_WARN_DOCUMENTATION_COMMENTS = YES;
				CLANG_WARN_EMPTY_BODY = YES;
				CLANG_WARN_ENUM_CONVERSION = YES;
				CLANG_WARN_INFINITE_RECURSION = YES;
				CLANG_WARN_INT_CONVERSION = YES;
				CLANG_WARN_NON_LITERAL_NULL_CONVERSION = YES;
				CLANG_WARN_OBJC_IMPLICIT_RETAIN_SELF = YES;
				CLANG_WARN_OBJC_LITERAL_CONVERSION = YES;
				CLANG_WARN_OBJC_ROOT_CLASS = YES_ERROR;
				CLANG_WARN_QUOTED_INCLUDE_IN_FRAMEWORK_HEADER = YES;
				CLANG_WARN_RANGE_LOOP_ANALYSIS = YES;
				CLANG_WARN_STRICT_PROTOTYPES = YES;
				CLANG_WARN_SUSPICIOUS_MOVE = YES;
				CLANG_WARN_UNGUARDED_AVAILABILITY = YES_AGGRESSIVE;
				CLANG_WARN_UNREACHABLE_CODE = YES;
				CLANG_WARN__DUPLICATE_METHOD_MATCH = YES;
				COPY_PHASE_STRIP = NO;
				DEBUG_INFORMATION_FORMAT = dwarf;
				ENABLE_STRICT_OBJC_MSGSEND = YES;
				ENABLE_TESTABILITY = YES;
				GCC_C_LANGUAGE_STANDARD = gnu11;
				GCC_DYNAMIC_NO_PIC = NO;
				GCC_NO_COMMON_BLOCKS = YES;
				GCC_OPTIMIZATION_LEVEL = 0;
				GCC_PREPROCESSOR_DEFINITIONS = (
					"DEBUG=1",
					"$(inherited)",
				);
				GCC_WARN_64_TO_32_BIT_CONVERSION = YES;
				GCC_WARN_ABOUT_RETURN_TYPE = YES_ERROR;
				GCC_WARN_UNDECLARED_SELECTOR = YES;
				GCC_WARN_UNINITIALIZED_AUTOS = YES_AGGRESSIVE;
				GCC_WARN_UNUSED_FUNCTION = YES;
				GCC_WARN_UNUSED_VARIABLE = YES;
				IPHONEOS_DEPLOYMENT_TARGET = 16.2;
				MTL_ENABLE_DEBUG_INFO = INCLUDE_SOURCE;
				MTL_FAST_MATH = YES;
				ONLY_ACTIVE_ARCH = YES;
				SDKROOT = iphoneos;
				SWIFT_ACTIVE_COMPILATION_CONDITIONS = DEBUG;
				SWIFT_OPTIMIZATION_LEVEL = "-Onone";
			};
			name = Debug;
		};
		DC5F6A162AA8A47F00D53B4D /* Release */ = {
			isa = XCBuildConfiguration;
			buildSettings = {
				ALWAYS_SEARCH_USER_PATHS = NO;
				CLANG_ANALYZER_NONNULL = YES;
				CLANG_ANALYZER_NUMBER_OBJECT_CONVERSION = YES_AGGRESSIVE;
				CLANG_CXX_LANGUAGE_STANDARD = "gnu++20";
				CLANG_ENABLE_MODULES = YES;
				CLANG_ENABLE_OBJC_ARC = YES;
				CLANG_ENABLE_OBJC_WEAK = YES;
				CLANG_WARN_BLOCK_CAPTURE_AUTORELEASING = YES;
				CLANG_WARN_BOOL_CONVERSION = YES;
				CLANG_WARN_COMMA = YES;
				CLANG_WARN_CONSTANT_CONVERSION = YES;
				CLANG_WARN_DEPRECATED_OBJC_IMPLEMENTATIONS = YES;
				CLANG_WARN_DIRECT_OBJC_ISA_USAGE = YES_ERROR;
				CLANG_WARN_DOCUMENTATION_COMMENTS = YES;
				CLANG_WARN_EMPTY_BODY = YES;
				CLANG_WARN_ENUM_CONVERSION = YES;
				CLANG_WARN_INFINITE_RECURSION = YES;
				CLANG_WARN_INT_CONVERSION = YES;
				CLANG_WARN_NON_LITERAL_NULL_CONVERSION = YES;
				CLANG_WARN_OBJC_IMPLICIT_RETAIN_SELF = YES;
				CLANG_WARN_OBJC_LITERAL_CONVERSION = YES;
				CLANG_WARN_OBJC_ROOT_CLASS = YES_ERROR;
				CLANG_WARN_QUOTED_INCLUDE_IN_FRAMEWORK_HEADER = YES;
				CLANG_WARN_RANGE_LOOP_ANALYSIS = YES;
				CLANG_WARN_STRICT_PROTOTYPES = YES;
				CLANG_WARN_SUSPICIOUS_MOVE = YES;
				CLANG_WARN_UNGUARDED_AVAILABILITY = YES_AGGRESSIVE;
				CLANG_WARN_UNREACHABLE_CODE = YES;
				CLANG_WARN__DUPLICATE_METHOD_MATCH = YES;
				COPY_PHASE_STRIP = NO;
				DEBUG_INFORMATION_FORMAT = "dwarf-with-dsym";
				ENABLE_NS_ASSERTIONS = NO;
				ENABLE_STRICT_OBJC_MSGSEND = YES;
				GCC_C_LANGUAGE_STANDARD = gnu11;
				GCC_NO_COMMON_BLOCKS = YES;
				GCC_WARN_64_TO_32_BIT_CONVERSION = YES;
				GCC_WARN_ABOUT_RETURN_TYPE = YES_ERROR;
				GCC_WARN_UNDECLARED_SELECTOR = YES;
				GCC_WARN_UNINITIALIZED_AUTOS = YES_AGGRESSIVE;
				GCC_WARN_UNUSED_FUNCTION = YES;
				GCC_WARN_UNUSED_VARIABLE = YES;
				IPHONEOS_DEPLOYMENT_TARGET = 16.2;
				MTL_ENABLE_DEBUG_INFO = NO;
				MTL_FAST_MATH = YES;
				SDKROOT = iphoneos;
				SWIFT_COMPILATION_MODE = wholemodule;
				SWIFT_OPTIMIZATION_LEVEL = "-O";
				VALIDATE_PRODUCT = YES;
			};
			name = Release;
		};
		DC5F6A182AA8A47F00D53B4D /* Debug */ = {
			isa = XCBuildConfiguration;
			buildSettings = {
				ASSETCATALOG_COMPILER_APPICON_NAME = AppIcon;
				ASSETCATALOG_COMPILER_GLOBAL_ACCENT_COLOR_NAME = AccentColor;
				CODE_SIGN_STYLE = Automatic;
				CURRENT_PROJECT_VERSION = 1;
				GENERATE_INFOPLIST_FILE = YES;
				INFOPLIST_FILE = "3D_LetíciaFrança_21/Info.plist";
				INFOPLIST_KEY_UIApplicationSupportsIndirectInputEvents = YES;
				INFOPLIST_KEY_UILaunchStoryboardName = LaunchScreen;
				INFOPLIST_KEY_UIMainStoryboardFile = Main;
				INFOPLIST_KEY_UISupportedInterfaceOrientations_iPad = "UIInterfaceOrientationPortrait UIInterfaceOrientationPortraitUpsideDown UIInterfaceOrientationLandscapeLeft UIInterfaceOrientationLandscapeRight";
				INFOPLIST_KEY_UISupportedInterfaceOrientations_iPhone = "UIInterfaceOrientationPortrait UIInterfaceOrientationLandscapeLeft UIInterfaceOrientationLandscapeRight";
				LD_RUNPATH_SEARCH_PATHS = (
					"$(inherited)",
					"@executable_path/Frameworks",
				);
				MARKETING_VERSION = 1.0;
				PRODUCT_BUNDLE_IDENTIFIER = "cotemig.-D-Leti-ciaFranc-a-21";
				PRODUCT_NAME = "$(TARGET_NAME)";
				SWIFT_EMIT_LOC_STRINGS = YES;
				SWIFT_VERSION = 5.0;
				TARGETED_DEVICE_FAMILY = "1,2";
			};
			name = Debug;
		};
		DC5F6A192AA8A47F00D53B4D /* Release */ = {
			isa = XCBuildConfiguration;
			buildSettings = {
				ASSETCATALOG_COMPILER_APPICON_NAME = AppIcon;
				ASSETCATALOG_COMPILER_GLOBAL_ACCENT_COLOR_NAME = AccentColor;
				CODE_SIGN_STYLE = Automatic;
				CURRENT_PROJECT_VERSION = 1;
				GENERATE_INFOPLIST_FILE = YES;
				INFOPLIST_FILE = "3D_LetíciaFrança_21/Info.plist";
				INFOPLIST_KEY_UIApplicationSupportsIndirectInputEvents = YES;
				INFOPLIST_KEY_UILaunchStoryboardName = LaunchScreen;
				INFOPLIST_KEY_UIMainStoryboardFile = Main;
				INFOPLIST_KEY_UISupportedInterfaceOrientations_iPad = "UIInterfaceOrientationPortrait UIInterfaceOrientationPortraitUpsideDown UIInterfaceOrientationLandscapeLeft UIInterfaceOrientationLandscapeRight";
				INFOPLIST_KEY_UISupportedInterfaceOrientations_iPhone = "UIInterfaceOrientationPortrait UIInterfaceOrientationLandscapeLeft UIInterfaceOrientationLandscapeRight";
				LD_RUNPATH_SEARCH_PATHS = (
					"$(inherited)",
					"@executable_path/Frameworks",
				);
				MARKETING_VERSION = 1.0;
				PRODUCT_BUNDLE_IDENTIFIER = "cotemig.-D-Leti-ciaFranc-a-21";
				PRODUCT_NAME = "$(TARGET_NAME)";
				SWIFT_EMIT_LOC_STRINGS = YES;
				SWIFT_VERSION = 5.0;
				TARGETED_DEVICE_FAMILY = "1,2";
			};
			name = Release;
		};
/* End XCBuildConfiguration section */

/* Begin XCConfigurationList section */
		DC5F69FE2AA8A47D00D53B4D /* Build configuration list for PBXProject "3D_LetíciaFrança_21" */ = {
			isa = XCConfigurationList;
			buildConfigurations = (
				DC5F6A152AA8A47F00D53B4D /* Debug */,
				DC5F6A162AA8A47F00D53B4D /* Release */,
			);
			defaultConfigurationIsVisible = 0;
			defaultConfigurationName = Release;
		};
		DC5F6A172AA8A47F00D53B4D /* Build configuration list for PBXNativeTarget "3D_LetíciaFrança_21" */ = {
			isa = XCConfigurationList;
			buildConfigurations = (
				DC5F6A182AA8A47F00D53B4D /* Debug */,
				DC5F6A192AA8A47F00D53B4D /* Release */,
			);
			defaultConfigurationIsVisible = 0;
			defaultConfigurationName = Release;
		};
/* End XCConfigurationList section */
	};
	rootObject = DC5F69FB2AA8A47D00D53B4D /* Project object */;
}
